
Microsoft Visual Studio Solution File, Format Version 12.00
# Visual Studio Version 17
VisualStudioVersion = 17.13.35931.197 d17.13
MinimumVisualStudioVersion = 10.0.40219.1
Project("{FAE04EC0-301F-11D3-BF4B-00C04F79EFBC}") = "microfundaento-apis-web-services-fuel-manager", "microfundaento-apis-web-services-fuel-manager.csproj", "{BD07BDA7-6E23-4F58-A4DF-93D57AFA31D5}"
EndProject
Global
	GlobalSection(SolutionConfigurationPlatforms) = preSolution
		Debug|Any CPU = Debug|Any CPU
		Release|Any CPU = Release|Any CPU
	EndGlobalSection
	GlobalSection(ProjectConfigurationPlatforms) = postSolution
		{BD07BDA7-6E23-4F58-A4DF-93D57AFA31D5}.Debug|Any CPU.ActiveCfg = Debug|Any CPU
		{BD07BDA7-6E23-4F58-A4DF-93D57AFA31D5}.Debug|Any CPU.Build.0 = Debug|Any CPU
		{BD07BDA7-6E23-4F58-A4DF-93D57AFA31D5}.Release|Any CPU.ActiveCfg = Release|Any CPU
		{BD07BDA7-6E23-4F58-A4DF-93D57AFA31D5}.Release|Any CPU.Build.0 = Release|Any CPU
	EndGlobalSection
	GlobalSection(SolutionProperties) = preSolution
		HideSolutionNode = FALSE
	EndGlobalSection
	GlobalSection(ExtensibilityGlobals) = postSolution
		SolutionGuid = {48367D8B-A67B-4B5C-9020-52582B818E1B}
	EndGlobalSection
EndGlobal
